
Microsoft Visual Studio Solution File, Format Version 12.00
# Visual Studio Version 17
VisualStudioVersion = 17.2.32630.192
MinimumVisualStudioVersion = 10.0.40219.1
Project("{FAE04EC0-301F-11D3-BF4B-00C04F79EFBC}") = "Info", "Info\Info.csproj", "{C994E64C-97A1-4083-96D2-DFC3F0786152}"
EndProject
Global
	GlobalSection(SolutionConfigurationPlatforms) = preSolution
		Debug|Any CPU = Debug|Any CPU
		Release|Any CPU = Release|Any CPU
	EndGlobalSection
	GlobalSection(ProjectConfigurationPlatforms) = postSolution
		{C994E64C-97A1-4083-96D2-DFC3F0786152}.Debug|Any CPU.ActiveCfg = Debug|Any CPU
		{C994E64C-97A1-4083-96D2-DFC3F0786152}.Debug|Any CPU.Build.0 = Debug|Any CPU
		{C994E64C-97A1-4083-96D2-DFC3F0786152}.Release|Any CPU.ActiveCfg = Release|Any CPU
		{C994E64C-97A1-4083-96D2-DFC3F0786152}.Release|Any CPU.Build.0 = Release|Any CPU
	EndGlobalSection
	GlobalSection(SolutionProperties) = preSolution
		HideSolutionNode = FALSE
	EndGlobalSection
	GlobalSection(ExtensibilityGlobals) = postSolution
		SolutionGuid = {ECFBA07E-9C2F-4699-ABD5-3A234F8E50D1}
	EndGlobalSection
EndGlobal
